
Microsoft Visual Studio Solution File, Format Version 12.00
# Visual Studio 15
VisualStudioVersion = 15.0.28307.852
MinimumVisualStudioVersion = 10.0.40219.1
Project("{8BC9CEB8-8B4A-11D0-8D11-00A0C91BC942}") = "Application", "Application\Application.vcxproj", "{89CC18FD-9BA9-48E8-9B8B-3B375E6A3C29}"
	ProjectSection(ProjectDependencies) = postProject
		{611C882E-EE52-468F-86F1-02123851B35B} = {611C882E-EE52-468F-86F1-02123851B35B}
	EndProjectSection
EndProject
Project("{8BC9CEB8-8B4A-11D0-8D11-00A0C91BC942}") = "Graphics", "Graphics\Graphics.vcxproj", "{B1F44616-23F1-47D7-A8F7-EC67F001646F}"
EndProject
Project("{8BC9CEB8-8B4A-11D0-8D11-00A0C91BC942}") = "SkeletonAnimation", "SkeletonAnimation\SkeletonAnimation.vcxproj", "{611C882E-EE52-468F-86F1-02123851B35B}"
EndProject
Project("{2150E333-8FDC-42A3-9474-1A3956D46DE8}") = "TestCase", "TestCase", "{80BB102E-DCB1-49F9-9F6C-5494325D6724}"
EndProject
Project("{8BC9CEB8-8B4A-11D0-8D11-00A0C91BC942}") = "TestCase_TestVoxelizer", "TestCase\Voxelizer-Test1-Voxelize\Voxelizer-Test1-Voxelize.vcxproj", "{C8C60E0C-D757-43E0-BD72-471A83F5A0EC}"
EndProject
Project("{8BC9CEB8-8B4A-11D0-8D11-00A0C91BC942}") = "TestCase_TestCommonMath", "TestCase\TestCase_TestCommonMath\TestCase_TestCommonMath.vcxproj", "{2CE341CD-AD0C-493E-B52B-E0BD92E2E5BF}"
EndProject
Project("{8BC9CEB8-8B4A-11D0-8D11-00A0C91BC942}") = "TestCase_TestParticleSource", "TestCase\TestCase_TestParticleSource\TestCase_TestParticleSource.vcxproj", "{4515384C-A192-49BC-B46E-BD30A4EE7801}"
EndProject
Project("{8BC9CEB8-8B4A-11D0-8D11-00A0C91BC942}") = "TestCase_TestPositionBasedDynamics", "TestCase\TestCase_TestPositionBasedDynamics\TestCase_TestPositionBasedDynamics.vcxproj", "{80BFE49F-91D1-48D4-83F7-430DE1D4B44E}"
EndProject
Project("{8BC9CEB8-8B4A-11D0-8D11-00A0C91BC942}") = "TestCase_TestUndirectedGraph", "TestCase\TestCase_TestUndirectedGraph\TestCase_TestUndirectedGraph.vcxproj", "{FFB7688B-DFE3-4ABC-9BF2-F57A15E896C5}"
EndProject
Project("{8BC9CEB8-8B4A-11D0-8D11-00A0C91BC942}") = "TestCase_TestSkeletonController", "TestCase\TestCase_TestSkeletonController\TestCase_TestSkeletonController.vcxproj", "{30E8A564-EC09-4EBA-820D-F4CB24D753D5}"
EndProject
Project("{8BC9CEB8-8B4A-11D0-8D11-00A0C91BC942}") = "TestCase_TestParticleLayer", "TestCase\TestCase_TestParticleLayer\TestCase_TestParticleLayer.vcxproj", "{9510A73F-EBC2-49FB-B7EE-5B4881A57294}"
EndProject
Project("{8BC9CEB8-8B4A-11D0-8D11-00A0C91BC942}") = "TestCase_TestColorableGraph", "TestCase\TestCase_TestColorableGraph\TestCase_TestColorableGraph.vcxproj", "{EC54488B-C7B2-4A21-A924-C1A53DE1DF7D}"
EndProject
Global
	GlobalSection(SolutionConfigurationPlatforms) = preSolution
		Debug|x64 = Debug|x64
		Debug|x86 = Debug|x86
		Release|x64 = Release|x64
		Release|x86 = Release|x86
		Unit_Test|x64 = Unit_Test|x64
		Unit_Test|x86 = Unit_Test|x86
	EndGlobalSection
	GlobalSection(ProjectConfigurationPlatforms) = postSolution
		{89CC18FD-9BA9-48E8-9B8B-3B375E6A3C29}.Debug|x64.ActiveCfg = Debug|x64
		{89CC18FD-9BA9-48E8-9B8B-3B375E6A3C29}.Debug|x64.Build.0 = Debug|x64
		{89CC18FD-9BA9-48E8-9B8B-3B375E6A3C29}.Debug|x86.ActiveCfg = Debug|Win32
		{89CC18FD-9BA9-48E8-9B8B-3B375E6A3C29}.Debug|x86.Build.0 = Debug|Win32
		{89CC18FD-9BA9-48E8-9B8B-3B375E6A3C29}.Release|x64.ActiveCfg = Release|x64
		{89CC18FD-9BA9-48E8-9B8B-3B375E6A3C29}.Release|x64.Build.0 = Release|x64
		{89CC18FD-9BA9-48E8-9B8B-3B375E6A3C29}.Release|x86.ActiveCfg = Release|Win32
		{89CC18FD-9BA9-48E8-9B8B-3B375E6A3C29}.Release|x86.Build.0 = Release|Win32
		{89CC18FD-9BA9-48E8-9B8B-3B375E6A3C29}.Unit_Test|x64.ActiveCfg = Debug|x64
		{89CC18FD-9BA9-48E8-9B8B-3B375E6A3C29}.Unit_Test|x64.Build.0 = Debug|x64
		{89CC18FD-9BA9-48E8-9B8B-3B375E6A3C29}.Unit_Test|x86.ActiveCfg = Unit_Test|Win32
		{89CC18FD-9BA9-48E8-9B8B-3B375E6A3C29}.Unit_Test|x86.Build.0 = Unit_Test|Win32
		{B1F44616-23F1-47D7-A8F7-EC67F001646F}.Debug|x64.ActiveCfg = Debug|x64
		{B1F44616-23F1-47D7-A8F7-EC67F001646F}.Debug|x64.Build.0 = Debug|x64
		{B1F44616-23F1-47D7-A8F7-EC67F001646F}.Debug|x86.ActiveCfg = Debug|Win32
		{B1F44616-23F1-47D7-A8F7-EC67F001646F}.Debug|x86.Build.0 = Debug|Win32
		{B1F44616-23F1-47D7-A8F7-EC67F001646F}.Release|x64.ActiveCfg = Release|x64
		{B1F44616-23F1-47D7-A8F7-EC67F001646F}.Release|x64.Build.0 = Release|x64
		{B1F44616-23F1-47D7-A8F7-EC67F001646F}.Release|x86.ActiveCfg = Release|Win32
		{B1F44616-23F1-47D7-A8F7-EC67F001646F}.Release|x86.Build.0 = Release|Win32
		{B1F44616-23F1-47D7-A8F7-EC67F001646F}.Unit_Test|x64.ActiveCfg = Debug|x64
		{B1F44616-23F1-47D7-A8F7-EC67F001646F}.Unit_Test|x64.Build.0 = Debug|x64
		{B1F44616-23F1-47D7-A8F7-EC67F001646F}.Unit_Test|x86.ActiveCfg = Unit_Test|Win32
		{B1F44616-23F1-47D7-A8F7-EC67F001646F}.Unit_Test|x86.Build.0 = Unit_Test|Win32
		{611C882E-EE52-468F-86F1-02123851B35B}.Debug|x64.ActiveCfg = Debug|x64
		{611C882E-EE52-468F-86F1-02123851B35B}.Debug|x64.Build.0 = Debug|x64
		{611C882E-EE52-468F-86F1-02123851B35B}.Debug|x86.ActiveCfg = Debug|x64
		{611C882E-EE52-468F-86F1-02123851B35B}.Release|x64.ActiveCfg = Release|x64
		{611C882E-EE52-468F-86F1-02123851B35B}.Release|x64.Build.0 = Release|x64
		{611C882E-EE52-468F-86F1-02123851B35B}.Release|x86.ActiveCfg = Release|x64
		{611C882E-EE52-468F-86F1-02123851B35B}.Unit_Test|x64.ActiveCfg = Debug|x64
		{611C882E-EE52-468F-86F1-02123851B35B}.Unit_Test|x64.Build.0 = Debug|x64
		{611C882E-EE52-468F-86F1-02123851B35B}.Unit_Test|x86.ActiveCfg = Release|x64
		{611C882E-EE52-468F-86F1-02123851B35B}.Unit_Test|x86.Build.0 = Release|x64
		{C8C60E0C-D757-43E0-BD72-471A83F5A0EC}.Debug|x64.ActiveCfg = Debug|x64
		{C8C60E0C-D757-43E0-BD72-471A83F5A0EC}.Debug|x64.Build.0 = Debug|x64
		{C8C60E0C-D757-43E0-BD72-471A83F5A0EC}.Debug|x86.ActiveCfg = Debug|Win32
		{C8C60E0C-D757-43E0-BD72-471A83F5A0EC}.Debug|x86.Build.0 = Debug|Win32
		{C8C60E0C-D757-43E0-BD72-471A83F5A0EC}.Release|x64.ActiveCfg = Release|x64
		{C8C60E0C-D757-43E0-BD72-471A83F5A0EC}.Release|x86.ActiveCfg = Release|Win32
		{C8C60E0C-D757-43E0-BD72-471A83F5A0EC}.Release|x86.Build.0 = Release|Win32
		{C8C60E0C-D757-43E0-BD72-471A83F5A0EC}.Unit_Test|x64.ActiveCfg = Debug|x64
		{C8C60E0C-D757-43E0-BD72-471A83F5A0EC}.Unit_Test|x64.Build.0 = Debug|x64
		{C8C60E0C-D757-43E0-BD72-471A83F5A0EC}.Unit_Test|x86.ActiveCfg = Release|Win32
		{C8C60E0C-D757-43E0-BD72-471A83F5A0EC}.Unit_Test|x86.Build.0 = Release|Win32
		{2CE341CD-AD0C-493E-B52B-E0BD92E2E5BF}.Debug|x64.ActiveCfg = Debug|x64
		{2CE341CD-AD0C-493E-B52B-E0BD92E2E5BF}.Debug|x64.Build.0 = Debug|x64
		{2CE341CD-AD0C-493E-B52B-E0BD92E2E5BF}.Debug|x86.ActiveCfg = Debug|Win32
		{2CE341CD-AD0C-493E-B52B-E0BD92E2E5BF}.Debug|x86.Build.0 = Debug|Win32
		{2CE341CD-AD0C-493E-B52B-E0BD92E2E5BF}.Release|x64.ActiveCfg = Release|x64
		{2CE341CD-AD0C-493E-B52B-E0BD92E2E5BF}.Release|x86.ActiveCfg = Release|Win32
		{2CE341CD-AD0C-493E-B52B-E0BD92E2E5BF}.Release|x86.Build.0 = Release|Win32
		{2CE341CD-AD0C-493E-B52B-E0BD92E2E5BF}.Unit_Test|x64.ActiveCfg = Debug|x64
		{2CE341CD-AD0C-493E-B52B-E0BD92E2E5BF}.Unit_Test|x64.Build.0 = Debug|x64
		{2CE341CD-AD0C-493E-B52B-E0BD92E2E5BF}.Unit_Test|x86.ActiveCfg = Release|Win32
		{2CE341CD-AD0C-493E-B52B-E0BD92E2E5BF}.Unit_Test|x86.Build.0 = Release|Win32
		{4515384C-A192-49BC-B46E-BD30A4EE7801}.Debug|x64.ActiveCfg = Debug|x64
		{4515384C-A192-49BC-B46E-BD30A4EE7801}.Debug|x64.Build.0 = Debug|x64
		{4515384C-A192-49BC-B46E-BD30A4EE7801}.Debug|x86.ActiveCfg = Debug|Win32
		{4515384C-A192-49BC-B46E-BD30A4EE7801}.Debug|x86.Build.0 = Debug|Win32
		{4515384C-A192-49BC-B46E-BD30A4EE7801}.Release|x64.ActiveCfg = Release|x64
		{4515384C-A192-49BC-B46E-BD30A4EE7801}.Release|x86.ActiveCfg = Release|Win32
		{4515384C-A192-49BC-B46E-BD30A4EE7801}.Release|x86.Build.0 = Release|Win32
		{4515384C-A192-49BC-B46E-BD30A4EE7801}.Unit_Test|x64.ActiveCfg = Debug|x64
		{4515384C-A192-49BC-B46E-BD30A4EE7801}.Unit_Test|x64.Build.0 = Debug|x64
		{4515384C-A192-49BC-B46E-BD30A4EE7801}.Unit_Test|x86.ActiveCfg = Release|Win32
		{4515384C-A192-49BC-B46E-BD30A4EE7801}.Unit_Test|x86.Build.0 = Release|Win32
		{80BFE49F-91D1-48D4-83F7-430DE1D4B44E}.Debug|x64.ActiveCfg = Debug|x64
		{80BFE49F-91D1-48D4-83F7-430DE1D4B44E}.Debug|x64.Build.0 = Debug|x64
		{80BFE49F-91D1-48D4-83F7-430DE1D4B44E}.Debug|x86.ActiveCfg = Debug|Win32
		{80BFE49F-91D1-48D4-83F7-430DE1D4B44E}.Debug|x86.Build.0 = Debug|Win32
		{80BFE49F-91D1-48D4-83F7-430DE1D4B44E}.Release|x64.ActiveCfg = Release|x64
		{80BFE49F-91D1-48D4-83F7-430DE1D4B44E}.Release|x86.ActiveCfg = Release|Win32
		{80BFE49F-91D1-48D4-83F7-430DE1D4B44E}.Release|x86.Build.0 = Release|Win32
		{80BFE49F-91D1-48D4-83F7-430DE1D4B44E}.Unit_Test|x64.ActiveCfg = Debug|x64
		{80BFE49F-91D1-48D4-83F7-430DE1D4B44E}.Unit_Test|x64.Build.0 = Debug|x64
		{80BFE49F-91D1-48D4-83F7-430DE1D4B44E}.Unit_Test|x86.ActiveCfg = Release|Win32
		{80BFE49F-91D1-48D4-83F7-430DE1D4B44E}.Unit_Test|x86.Build.0 = Release|Win32
		{FFB7688B-DFE3-4ABC-9BF2-F57A15E896C5}.Debug|x64.ActiveCfg = Debug|x64
		{FFB7688B-DFE3-4ABC-9BF2-F57A15E896C5}.Debug|x64.Build.0 = Debug|x64
		{FFB7688B-DFE3-4ABC-9BF2-F57A15E896C5}.Debug|x86.ActiveCfg = Debug|Win32
		{FFB7688B-DFE3-4ABC-9BF2-F57A15E896C5}.Debug|x86.Build.0 = Debug|Win32
		{FFB7688B-DFE3-4ABC-9BF2-F57A15E896C5}.Release|x64.ActiveCfg = Release|x64
		{FFB7688B-DFE3-4ABC-9BF2-F57A15E896C5}.Release|x86.ActiveCfg = Release|Win32
		{FFB7688B-DFE3-4ABC-9BF2-F57A15E896C5}.Release|x86.Build.0 = Release|Win32
		{FFB7688B-DFE3-4ABC-9BF2-F57A15E896C5}.Unit_Test|x64.ActiveCfg = Debug|x64
		{FFB7688B-DFE3-4ABC-9BF2-F57A15E896C5}.Unit_Test|x64.Build.0 = Debug|x64
		{FFB7688B-DFE3-4ABC-9BF2-F57A15E896C5}.Unit_Test|x86.ActiveCfg = Release|Win32
		{FFB7688B-DFE3-4ABC-9BF2-F57A15E896C5}.Unit_Test|x86.Build.0 = Release|Win32
		{30E8A564-EC09-4EBA-820D-F4CB24D753D5}.Debug|x64.ActiveCfg = Debug|x64
		{30E8A564-EC09-4EBA-820D-F4CB24D753D5}.Debug|x64.Build.0 = Debug|x64
		{30E8A564-EC09-4EBA-820D-F4CB24D753D5}.Debug|x86.ActiveCfg = Debug|Win32
		{30E8A564-EC09-4EBA-820D-F4CB24D753D5}.Debug|x86.Build.0 = Debug|Win32
		{30E8A564-EC09-4EBA-820D-F4CB24D753D5}.Release|x64.ActiveCfg = Release|x64
		{30E8A564-EC09-4EBA-820D-F4CB24D753D5}.Release|x86.ActiveCfg = Release|Win32
		{30E8A564-EC09-4EBA-820D-F4CB24D753D5}.Release|x86.Build.0 = Release|Win32
		{30E8A564-EC09-4EBA-820D-F4CB24D753D5}.Unit_Test|x64.ActiveCfg = Debug|x64
		{30E8A564-EC09-4EBA-820D-F4CB24D753D5}.Unit_Test|x64.Build.0 = Debug|x64
		{30E8A564-EC09-4EBA-820D-F4CB24D753D5}.Unit_Test|x86.ActiveCfg = Release|Win32
		{30E8A564-EC09-4EBA-820D-F4CB24D753D5}.Unit_Test|x86.Build.0 = Release|Win32
		{9510A73F-EBC2-49FB-B7EE-5B4881A57294}.Debug|x64.ActiveCfg = Debug|x64
		{9510A73F-EBC2-49FB-B7EE-5B4881A57294}.Debug|x64.Build.0 = Debug|x64
		{9510A73F-EBC2-49FB-B7EE-5B4881A57294}.Debug|x86.ActiveCfg = Debug|Win32
		{9510A73F-EBC2-49FB-B7EE-5B4881A57294}.Debug|x86.Build.0 = Debug|Win32
		{9510A73F-EBC2-49FB-B7EE-5B4881A57294}.Release|x64.ActiveCfg = Release|x64
		{9510A73F-EBC2-49FB-B7EE-5B4881A57294}.Release|x86.ActiveCfg = Release|Win32
		{9510A73F-EBC2-49FB-B7EE-5B4881A57294}.Release|x86.Build.0 = Release|Win32
		{9510A73F-EBC2-49FB-B7EE-5B4881A57294}.Unit_Test|x64.ActiveCfg = Debug|x64
		{9510A73F-EBC2-49FB-B7EE-5B4881A57294}.Unit_Test|x64.Build.0 = Debug|x64
		{9510A73F-EBC2-49FB-B7EE-5B4881A57294}.Unit_Test|x86.ActiveCfg = Release|Win32
		{9510A73F-EBC2-49FB-B7EE-5B4881A57294}.Unit_Test|x86.Build.0 = Release|Win32
		{EC54488B-C7B2-4A21-A924-C1A53DE1DF7D}.Debug|x64.ActiveCfg = Debug|x64
		{EC54488B-C7B2-4A21-A924-C1A53DE1DF7D}.Debug|x64.Build.0 = Debug|x64
		{EC54488B-C7B2-4A21-A924-C1A53DE1DF7D}.Debug|x86.ActiveCfg = Debug|Win32
		{EC54488B-C7B2-4A21-A924-C1A53DE1DF7D}.Debug|x86.Build.0 = Debug|Win32
		{EC54488B-C7B2-4A21-A924-C1A53DE1DF7D}.Release|x64.ActiveCfg = Release|x64
		{EC54488B-C7B2-4A21-A924-C1A53DE1DF7D}.Release|x86.ActiveCfg = Release|Win32
		{EC54488B-C7B2-4A21-A924-C1A53DE1DF7D}.Release|x86.Build.0 = Release|Win32
		{EC54488B-C7B2-4A21-A924-C1A53DE1DF7D}.Unit_Test|x64.ActiveCfg = Debug|x64
		{EC54488B-C7B2-4A21-A924-C1A53DE1DF7D}.Unit_Test|x64.Build.0 = Debug|x64
		{EC54488B-C7B2-4A21-A924-C1A53DE1DF7D}.Unit_Test|x86.ActiveCfg = Release|Win32
		{EC54488B-C7B2-4A21-A924-C1A53DE1DF7D}.Unit_Test|x86.Build.0 = Release|Win32
	EndGlobalSection
	GlobalSection(SolutionProperties) = preSolution
		HideSolutionNode = FALSE
	EndGlobalSection
	GlobalSection(NestedProjects) = preSolution
		{C8C60E0C-D757-43E0-BD72-471A83F5A0EC} = {80BB102E-DCB1-49F9-9F6C-5494325D6724}
		{2CE341CD-AD0C-493E-B52B-E0BD92E2E5BF} = {80BB102E-DCB1-49F9-9F6C-5494325D6724}
		{4515384C-A192-49BC-B46E-BD30A4EE7801} = {80BB102E-DCB1-49F9-9F6C-5494325D6724}
		{80BFE49F-91D1-48D4-83F7-430DE1D4B44E} = {80BB102E-DCB1-49F9-9F6C-5494325D6724}
		{FFB7688B-DFE3-4ABC-9BF2-F57A15E896C5} = {80BB102E-DCB1-49F9-9F6C-5494325D6724}
		{30E8A564-EC09-4EBA-820D-F4CB24D753D5} = {80BB102E-DCB1-49F9-9F6C-5494325D6724}
		{9510A73F-EBC2-49FB-B7EE-5B4881A57294} = {80BB102E-DCB1-49F9-9F6C-5494325D6724}
		{EC54488B-C7B2-4A21-A924-C1A53DE1DF7D} = {80BB102E-DCB1-49F9-9F6C-5494325D6724}
	EndGlobalSection
	GlobalSection(ExtensibilityGlobals) = postSolution
		SolutionGuid = {95332CCC-CE26-4FD1-8E9E-940B78918496}
	EndGlobalSection
EndGlobal
